// !$*UTF8*$!
{
	archiveVersion = 1;
	classes = {
	};
	objectVersion = 46;
	objects = {

/* Begin PBXBuildFile section */
		14F8DC8B1C50B12B004BB071 /* .travis.yml in Resources */ = {isa = PBXBuildFile; fileRef = 14F8DC8A1C50B12B004BB071 /* .travis.yml */; };
		3A91371CDACF43739F0DFB70 /* libPods.a in Frameworks */ = {isa = PBXBuildFile; fileRef = E5937FE688C0409C844817E7 /* libPods.a */; };
		C035B7D119B7234E006177B9 /* Foundation.framework in Frameworks */ = {isa = PBXBuildFile; fileRef = C035B7D019B7234E006177B9 /* Foundation.framework */; };
		C035B7D319B7234E006177B9 /* CoreGraphics.framework in Frameworks */ = {isa = PBXBuildFile; fileRef = C035B7D219B7234E006177B9 /* CoreGraphics.framework */; };
		C035B7D519B7234E006177B9 /* UIKit.framework in Frameworks */ = {isa = PBXBuildFile; fileRef = C035B7D419B7234E006177B9 /* UIKit.framework */; };
		C035B7DB19B7234E006177B9 /* InfoPlist.strings in Resources */ = {isa = PBXBuildFile; fileRef = C035B7D919B7234E006177B9 /* InfoPlist.strings */; };
		C035B7DD19B7234E006177B9 /* main.m in Sources */ = {isa = PBXBuildFile; fileRef = C035B7DC19B7234E006177B9 /* main.m */; };
		C035B7E119B7234E006177B9 /* ZHAppDelegate.m in Sources */ = {isa = PBXBuildFile; fileRef = C035B7E019B7234E006177B9 /* ZHAppDelegate.m */; };
		C035B7E419B7234E006177B9 /* Main.storyboard in Resources */ = {isa = PBXBuildFile; fileRef = C035B7E219B7234E006177B9 /* Main.storyboard */; };
		C035B7E719B7234E006177B9 /* ZHViewController.m in Sources */ = {isa = PBXBuildFile; fileRef = C035B7E619B7234E006177B9 /* ZHViewController.m */; };
		C035B7E919B7234E006177B9 /* Images.xcassets in Resources */ = {isa = PBXBuildFile; fileRef = C035B7E819B7234E006177B9 /* Images.xcassets */; };
		C035B7F019B7234E006177B9 /* XCTest.framework in Frameworks */ = {isa = PBXBuildFile; fileRef = C035B7EF19B7234E006177B9 /* XCTest.framework */; };
		C035B7F119B7234E006177B9 /* Foundation.framework in Frameworks */ = {isa = PBXBuildFile; fileRef = C035B7D019B7234E006177B9 /* Foundation.framework */; };
		C035B7F219B7234E006177B9 /* UIKit.framework in Frameworks */ = {isa = PBXBuildFile; fileRef = C035B7D419B7234E006177B9 /* UIKit.framework */; };
		C035B7FA19B7234E006177B9 /* InfoPlist.strings in Resources */ = {isa = PBXBuildFile; fileRef = C035B7F819B7234E006177B9 /* InfoPlist.strings */; };
		C035B7FC19B7234E006177B9 /* GetM3uTests.m in Sources */ = {isa = PBXBuildFile; fileRef = C035B7FB19B7234E006177B9 /* GetM3uTests.m */; };
/* End PBXBuildFile section */

/* Begin PBXContainerItemProxy section */
		C035B7F319B7234E006177B9 /* PBXContainerItemProxy */ = {
			isa = PBXContainerItemProxy;
			containerPortal = C035B7C519B7234E006177B9 /* Project object */;
			proxyType = 1;
			remoteGlobalIDString = C035B7CC19B7234E006177B9;
			remoteInfo = GetM3u;
		};
/* End PBXContainerItemProxy section */

/* Begin PBXFileReference section */
		14F8DC8A1C50B12B004BB071 /* .travis.yml */ = {isa = PBXFileReference; fileEncoding = 4; lastKnownFileType = text; path = .travis.yml; sourceTree = SOURCE_ROOT; };
		5A0ADFC32FAC403F957C5CF7 /* Pods.xcconfig */ = {isa = PBXFileReference; includeInIndex = 1; lastKnownFileType = text.xcconfig; name = Pods.xcconfig; path = Pods/Pods.xcconfig; sourceTree = "<group>"; };
		C035B7CD19B7234E006177B9 /* GetM3u.app */ = {isa = PBXFileReference; explicitFileType = wrapper.application; includeInIndex = 0; path = GetM3u.app; sourceTree = BUILT_PRODUCTS_DIR; };
		C035B7D019B7234E006177B9 /* Foundation.framework */ = {isa = PBXFileReference; lastKnownFileType = wrapper.framework; name = Foundation.framework; path = System/Library/Frameworks/Foundation.framework; sourceTree = SDKROOT; };
		C035B7D219B7234E006177B9 /* CoreGraphics.framework */ = {isa = PBXFileReference; lastKnownFileType = wrapper.framework; name = CoreGraphics.framework; path = System/Library/Frameworks/CoreGraphics.framework; sourceTree = SDKROOT; };
		C035B7D419B7234E006177B9 /* UIKit.framework */ = {isa = PBXFileReference; lastKnownFileType = wrapper.framework; name = UIKit.framework; path = System/Library/Frameworks/UIKit.framework; sourceTree = SDKROOT; };
		C035B7D819B7234E006177B9 /* GetM3u-Info.plist */ = {isa = PBXFileReference; lastKnownFileType = text.plist.xml; path = "GetM3u-Info.plist"; sourceTree = "<group>"; };
		C035B7DA19B7234E006177B9 /* en */ = {isa = PBXFileReference; lastKnownFileType = text.plist.strings; name = en; path = en.lproj/InfoPlist.strings; sourceTree = "<group>"; };
		C035B7DC19B7234E006177B9 /* main.m */ = {isa = PBXFileReference; lastKnownFileType = sourcecode.c.objc; path = main.m; sourceTree = "<group>"; };
		C035B7DE19B7234E006177B9 /* GetM3u-Prefix.pch */ = {isa = PBXFileReference; lastKnownFileType = sourcecode.c.h; path = "GetM3u-Prefix.pch"; sourceTree = "<group>"; };
		C035B7DF19B7234E006177B9 /* ZHAppDelegate.h */ = {isa = PBXFileReference; lastKnownFileType = sourcecode.c.h; path = ZHAppDelegate.h; sourceTree = "<group>"; };
		C035B7E019B7234E006177B9 /* ZHAppDelegate.m */ = {isa = PBXFileReference; lastKnownFileType = sourcecode.c.objc; path = ZHAppDelegate.m; sourceTree = "<group>"; };
		C035B7E319B7234E006177B9 /* Base */ = {isa = PBXFileReference; lastKnownFileType = file.storyboard; name = Base; path = Base.lproj/Main.storyboard; sourceTree = "<group>"; };
		C035B7E519B7234E006177B9 /* ZHViewController.h */ = {isa = PBXFileReference; lastKnownFileType = sourcecode.c.h; path = ZHViewController.h; sourceTree = "<group>"; };
		C035B7E619B7234E006177B9 /* ZHViewController.m */ = {isa = PBXFileReference; lastKnownFileType = sourcecode.c.objc; path = ZHViewController.m; sourceTree = "<group>"; };
		C035B7E819B7234E006177B9 /* Images.xcassets */ = {isa = PBXFileReference; lastKnownFileType = folder.assetcatalog; path = Images.xcassets; sourceTree = "<group>"; };
		C035B7EE19B7234E006177B9 /* GetM3uTests.xctest */ = {isa = PBXFileReference; explicitFileType = wrapper.cfbundle; includeInIndex = 0; path = GetM3uTests.xctest; sourceTree = BUILT_PRODUCTS_DIR; };
		C035B7EF19B7234E006177B9 /* XCTest.framework */ = {isa = PBXFileReference; lastKnownFileType = wrapper.framework; name = XCTest.framework; path = Library/Frameworks/XCTest.framework; sourceTree = DEVELOPER_DIR; };
		C035B7F719B7234E006177B9 /* GetM3uTests-Info.plist */ = {isa = PBXFileReference; lastKnownFileType = text.plist.xml; path = "GetM3uTests-Info.plist"; sourceTree = "<group>"; };
		C035B7F919B7234E006177B9 /* en */ = {isa = PBXFileReference; lastKnownFileType = text.plist.strings; name = en; path = en.lproj/InfoPlist.strings; sourceTree = "<group>"; };
		C035B7FB19B7234E006177B9 /* GetM3uTests.m */ = {isa = PBXFileReference; lastKnownFileType = sourcecode.c.objc; path = GetM3uTests.m; sourceTree = "<group>"; };
		E5937FE688C0409C844817E7 /* libPods.a */ = {isa = PBXFileReference; explicitFileType = archive.ar; includeInIndex = 0; path = libPods.a; sourceTree = BUILT_PRODUCTS_DIR; };
/* End PBXFileReference section */

/* Begin PBXFrameworksBuildPhase section */
		C035B7CA19B7234E006177B9 /* Frameworks */ = {
			isa = PBXFrameworksBuildPhase;
			buildActionMask = 2147483647;
			files = (
				C035B7D319B7234E006177B9 /* CoreGraphics.framework in Frameworks */,
				C035B7D519B7234E006177B9 /* UIKit.framework in Frameworks */,
				C035B7D119B7234E006177B9 /* Foundation.framework in Frameworks */,
				3A91371CDACF43739F0DFB70 /* libPods.a in Frameworks */,
			);
			runOnlyForDeploymentPostprocessing = 0;
		};
		C035B7EB19B7234E006177B9 /* Frameworks */ = {
			isa = PBXFrameworksBuildPhase;
			buildActionMask = 2147483647;
			files = (
				C035B7F019B7234E006177B9 /* XCTest.framework in Frameworks */,
				C035B7F219B7234E006177B9 /* UIKit.framework in Frameworks */,
				C035B7F119B7234E006177B9 /* Foundation.framework in Frameworks */,
			);
			runOnlyForDeploymentPostprocessing = 0;
		};
/* End PBXFrameworksBuildPhase section */

/* Begin PBXGroup section */
		C035B7C419B7234E006177B9 = {
			isa = PBXGroup;
			children = (
				C035B7D619B7234E006177B9 /* GetM3u */,
				C035B7F519B7234E006177B9 /* GetM3uTests */,
				C035B7CF19B7234E006177B9 /* Frameworks */,
				C035B7CE19B7234E006177B9 /* Products */,
				5A0ADFC32FAC403F957C5CF7 /* Pods.xcconfig */,
			);
			sourceTree = "<group>";
		};
		C035B7CE19B7234E006177B9 /* Products */ = {
			isa = PBXGroup;
			children = (
				C035B7CD19B7234E006177B9 /* GetM3u.app */,
				C035B7EE19B7234E006177B9 /* GetM3uTests.xctest */,
			);
			name = Products;
			sourceTree = "<group>";
		};
		C035B7CF19B7234E006177B9 /* Frameworks */ = {
			isa = PBXGroup;
			children = (
				C035B7D019B7234E006177B9 /* Foundation.framework */,
				C035B7D219B7234E006177B9 /* CoreGraphics.framework */,
				C035B7D419B7234E006177B9 /* UIKit.framework */,
				C035B7EF19B7234E006177B9 /* XCTest.framework */,
				E5937FE688C0409C844817E7 /* libPods.a */,
			);
			name = Frameworks;
			sourceTree = "<group>";
		};
		C035B7D619B7234E006177B9 /* GetM3u */ = {
			isa = PBXGroup;
			children = (
				C035B7DF19B7234E006177B9 /* ZHAppDelegate.h */,
				C035B7E019B7234E006177B9 /* ZHAppDelegate.m */,
				C035B7E219B7234E006177B9 /* Main.storyboard */,
				C035B7E519B7234E006177B9 /* ZHViewController.h */,
				C035B7E619B7234E006177B9 /* ZHViewController.m */,
				C035B7E819B7234E006177B9 /* Images.xcassets */,
				C035B7D719B7234E006177B9 /* Supporting Files */,
			);
			path = GetM3u;
			sourceTree = "<group>";
		};
		C035B7D719B7234E006177B9 /* Supporting Files */ = {
			isa = PBXGroup;
			children = (
				C035B7D819B7234E006177B9 /* GetM3u-Info.plist */,
				14F8DC8A1C50B12B004BB071 /* .travis.yml */,
				C035B7D919B7234E006177B9 /* InfoPlist.strings */,
				C035B7DC19B7234E006177B9 /* main.m */,
				C035B7DE19B7234E006177B9 /* GetM3u-Prefix.pch */,
			);
			name = "Supporting Files";
			sourceTree = "<group>";
		};
		C035B7F519B7234E006177B9 /* GetM3uTests */ = {
			isa = PBXGroup;
			children = (
				C035B7FB19B7234E006177B9 /* GetM3uTests.m */,
				C035B7F619B7234E006177B9 /* Supporting Files */,
			);
			path = GetM3uTests;
			sourceTree = "<group>";
		};
		C035B7F619B7234E006177B9 /* Supporting Files */ = {
			isa = PBXGroup;
			children = (
				C035B7F719B7234E006177B9 /* GetM3uTests-Info.plist */,
				C035B7F819B7234E006177B9 /* InfoPlist.strings */,
			);
			name = "Supporting Files";
			sourceTree = "<group>";
		};
/* End PBXGroup section */

/* Begin PBXNativeTarget section */
		C035B7CC19B7234E006177B9 /* GetM3u */ = {
			isa = PBXNativeTarget;
			buildConfigurationList = C035B7FF19B7234E006177B9 /* Build configuration list for PBXNativeTarget "GetM3u" */;
			buildPhases = (
				06EE6B5CEA384E4E91F9CFA7 /* Check Pods Manifest.lock */,
				C035B7C919B7234E006177B9 /* Sources */,
				C035B7CA19B7234E006177B9 /* Frameworks */,
				C035B7CB19B7234E006177B9 /* Resources */,
				509A625A0B914154B57339FD /* Copy Pods Resources */,
			);
			buildRules = (
			);
			dependencies = (
			);
			name = GetM3u;
			productName = GetM3u;
			productReference = C035B7CD19B7234E006177B9 /* GetM3u.app */;
			productType = "com.apple.product-type.application";
		};
		C035B7ED19B7234E006177B9 /* GetM3uTests */ = {
			isa = PBXNativeTarget;
			buildConfigurationList = C035B80219B7234E006177B9 /* Build configuration list for PBXNativeTarget "GetM3uTests" */;
			buildPhases = (
				C035B7EA19B7234E006177B9 /* Sources */,
				C035B7EB19B7234E006177B9 /* Frameworks */,
				C035B7EC19B7234E006177B9 /* Resources */,
			);
			buildRules = (
			);
			dependencies = (
				C035B7F419B7234E006177B9 /* PBXTargetDependency */,
			);
			name = GetM3uTests;
			productName = GetM3uTests;
			productReference = C035B7EE19B7234E006177B9 /* GetM3uTests.xctest */;
			productType = "com.apple.product-type.bundle.unit-test";
		};
/* End PBXNativeTarget section */

/* Begin PBXProject section */
		C035B7C519B7234E006177B9 /* Project object */ = {
			isa = PBXProject;
			attributes = {
				CLASSPREFIX = ZH;
				LastUpgradeCheck = 0510;
				ORGANIZATIONNAME = "zeng hui";
				TargetAttributes = {
					C035B7ED19B7234E006177B9 = {
						TestTargetID = C035B7CC19B7234E006177B9;
					};
				};
			};
			buildConfigurationList = C035B7C819B7234E006177B9 /* Build configuration list for PBXProject "GetM3u" */;
			compatibilityVersion = "Xcode 3.2";
			developmentRegion = English;
			hasScannedForEncodings = 0;
			knownRegions = (
				en,
				Base,
			);
			mainGroup = C035B7C419B7234E006177B9;
			productRefGroup = C035B7CE19B7234E006177B9 /* Products */;
			projectDirPath = "";
			projectRoot = "";
			targets = (
				C035B7CC19B7234E006177B9 /* GetM3u */,
				C035B7ED19B7234E006177B9 /* GetM3uTests */,
			);
		};
/* End PBXProject section */

/* Begin PBXResourcesBuildPhase section */
		C035B7CB19B7234E006177B9 /* Resources */ = {
			isa = PBXResourcesBuildPhase;
			buildActionMask = 2147483647;
			files = (
				C035B7E919B7234E006177B9 /* Images.xcassets in Resources */,
				C035B7DB19B7234E006177B9 /* InfoPlist.strings in Resources */,
				14F8DC8B1C50B12B004BB071 /* .travis.yml in Resources */,
				C035B7E419B7234E006177B9 /* Main.storyboard in Resources */,
			);
			runOnlyForDeploymentPostprocessing = 0;
		};
		C035B7EC19B7234E006177B9 /* Resources */ = {
			isa = PBXResourcesBuildPhase;
			buildActionMask = 2147483647;
			files = (
				C035B7FA19B7234E006177B9 /* InfoPlist.strings in Resources */,
			);
			runOnlyForDeploymentPostprocessing = 0;
		};
/* End PBXResourcesBuildPhase section */

/* Begin PBXShellScriptBuildPhase section */
		06EE6B5CEA384E4E91F9CFA7 /* Check Pods Manifest.lock */ = {
			isa = PBXShellScriptBuildPhase;
			buildActionMask = 2147483647;
			files = (
			);
			inputPaths = (
			);
			name = "Check Pods Manifest.lock";
			outputPaths = (
			);
			runOnlyForDeploymentPostprocessing = 0;
			shellPath = /bin/sh;
			shellScript = "diff \"${PODS_ROOT}/../Podfile.lock\" \"${PODS_ROOT}/Manifest.lock\" > /dev/null\nif [[ $? != 0 ]] ; then\n    cat << EOM\nerror: The sandbox is not in sync with the Podfile.lock. Run 'pod install' or update your CocoaPods installation.\nEOM\n    exit 1\nfi\n";
			showEnvVarsInLog = 0;
		};
		509A625A0B914154B57339FD /* Copy Pods Resources */ = {
			isa = PBXShellScriptBuildPhase;
			buildActionMask = 2147483647;
			files = (
			);
			inputPaths = (
			);
			name = "Copy Pods Resources";
			outputPaths = (
			);
			runOnlyForDeploymentPostprocessing = 0;
			shellPath = /bin/sh;
			shellScript = "\"${SRCROOT}/Pods/Pods-resources.sh\"\n";
			showEnvVarsInLog = 0;
		};
/* End PBXShellScriptBuildPhase section */

/* Begin PBXSourcesBuildPhase section */
		C035B7C919B7234E006177B9 /* Sources */ = {
			isa = PBXSourcesBuildPhase;
			buildActionMask = 2147483647;
			files = (
				C035B7E719B7234E006177B9 /* ZHViewController.m in Sources */,
				C035B7E119B7234E006177B9 /* ZHAppDelegate.m in Sources */,
				C035B7DD19B7234E006177B9 /* main.m in Sources */,
			);
			runOnlyForDeploymentPostprocessing = 0;
		};
		C035B7EA19B7234E006177B9 /* Sources */ = {
			isa = PBXSourcesBuildPhase;
			buildActionMask = 2147483647;
			files = (
				C035B7FC19B7234E006177B9 /* GetM3uTests.m in Sources */,
			);
			runOnlyForDeploymentPostprocessing = 0;
		};
/* End PBXSourcesBuildPhase section */

/* Begin PBXTargetDependency section */
		C035B7F419B7234E006177B9 /* PBXTargetDependency */ = {
			isa = PBXTargetDependency;
			target = C035B7CC19B7234E006177B9 /* GetM3u */;
			targetProxy = C035B7F319B7234E006177B9 /* PBXContainerItemProxy */;
		};
/* End PBXTargetDependency section */

/* Begin PBXVariantGroup section */
		C035B7D919B7234E006177B9 /* InfoPlist.strings */ = {
			isa = PBXVariantGroup;
			children = (
				C035B7DA19B7234E006177B9 /* en */,
			);
			name = InfoPlist.strings;
			sourceTree = "<group>";
		};
		C035B7E219B7234E006177B9 /* Main.storyboard */ = {
			isa = PBXVariantGroup;
			children = (
				C035B7E319B7234E006177B9 /* Base */,
			);
			name = Main.storyboard;
			sourceTree = "<group>";
		};
		C035B7F819B7234E006177B9 /* InfoPlist.strings */ = {
			isa = PBXVariantGroup;
			children = (
				C035B7F919B7234E006177B9 /* en */,
			);
			name = InfoPlist.strings;
			sourceTree = "<group>";
		};
/* End PBXVariantGroup section */

/* Begin XCBuildConfiguration section */
		C035B7FD19B7234E006177B9 /* Debug */ = {
			isa = XCBuildConfiguration;
			buildSettings = {
				ALWAYS_SEARCH_USER_PATHS = NO;
				CLANG_CXX_LANGUAGE_STANDARD = "gnu++0x";
				CLANG_CXX_LIBRARY = "libc++";
				CLANG_ENABLE_MODULES = YES;
				CLANG_ENABLE_OBJC_ARC = YES;
				CLANG_WARN_BOOL_CONVERSION = YES;
				CLANG_WARN_CONSTANT_CONVERSION = YES;
				CLANG_WARN_DIRECT_OBJC_ISA_USAGE = YES_ERROR;
				CLANG_WARN_EMPTY_BODY = YES;
				CLANG_WARN_ENUM_CONVERSION = YES;
				CLANG_WARN_INT_CONVERSION = YES;
				CLANG_WARN_OBJC_ROOT_CLASS = YES_ERROR;
				CLANG_WARN__DUPLICATE_METHOD_MATCH = YES;
				"CODE_SIGN_IDENTITY[sdk=iphoneos*]" = "iPhone Developer";
				COPY_PHASE_STRIP = NO;
				GCC_C_LANGUAGE_STANDARD = gnu99;
				GCC_DYNAMIC_NO_PIC = NO;
				GCC_OPTIMIZATION_LEVEL = 0;
				GCC_PREPROCESSOR_DEFINITIONS = (
					"DEBUG=1",
					"$(inherited)",
				);
				GCC_SYMBOLS_PRIVATE_EXTERN = NO;
				GCC_WARN_64_TO_32_BIT_CONVERSION = YES;
				GCC_WARN_ABOUT_RETURN_TYPE = YES_ERROR;
				GCC_WARN_UNDECLARED_SELECTOR = YES;
				GCC_WARN_UNINITIALIZED_AUTOS = YES_AGGRESSIVE;
				GCC_WARN_UNUSED_FUNCTION = YES;
				GCC_WARN_UNUSED_VARIABLE = YES;
				IPHONEOS_DEPLOYMENT_TARGET = 7.1;
				ONLY_ACTIVE_ARCH = YES;
				SDKROOT = iphoneos;
			};
			name = Debug;
		};
		C035B7FE19B7234E006177B9 /* Release */ = {
			isa = XCBuildConfiguration;
			buildSettings = {
				ALWAYS_SEARCH_USER_PATHS = NO;
				CLANG_CXX_LANGUAGE_STANDARD = "gnu++0x";
				CLANG_CXX_LIBRARY = "libc++";
				CLANG_ENABLE_MODULES = YES;
				CLANG_ENABLE_OBJC_ARC = YES;
				CLANG_WARN_BOOL_CONVERSION = YES;
				CLANG_WARN_CONSTANT_CONVERSION = YES;
				CLANG_WARN_DIRECT_OBJC_ISA_USAGE = YES_ERROR;
				CLANG_WARN_EMPTY_BODY = YES;
				CLANG_WARN_ENUM_CONVERSION = YES;
				CLANG_WARN_INT_CONVERSION = YES;
				CLANG_WARN_OBJC_ROOT_CLASS = YES_ERROR;
				CLANG_WARN__DUPLICATE_METHOD_MATCH = YES;
				"CODE_SIGN_IDENTITY[sdk=iphoneos*]" = "iPhone Developer";
				COPY_PHASE_STRIP = YES;
				ENABLE_NS_ASSERTIONS = NO;
				GCC_C_LANGUAGE_STANDARD = gnu99;
				GCC_WARN_64_TO_32_BIT_CONVERSION = YES;
				GCC_WARN_ABOUT_RETURN_TYPE = YES_ERROR;
				GCC_WARN_UNDECLARED_SELECTOR = YES;
				GCC_WARN_UNINITIALIZED_AUTOS = YES_AGGRESSIVE;
				GCC_WARN_UNUSED_FUNCTION = YES;
				GCC_WARN_UNUSED_VARIABLE = YES;
				IPHONEOS_DEPLOYMENT_TARGET = 7.1;
				SDKROOT = iphoneos;
				VALIDATE_PRODUCT = YES;
			};
			name = Release;
		};
		C035B80019B7234E006177B9 /* Debug */ = {
			isa = XCBuildConfiguration;
			baseConfigurationReference = 5A0ADFC32FAC403F957C5CF7 /* Pods.xcconfig */;
			buildSettings = {
				ASSETCATALOG_COMPILER_APPICON_NAME = AppIcon;
				ASSETCATALOG_COMPILER_LAUNCHIMAGE_NAME = LaunchImage;
				GCC_PRECOMPILE_PREFIX_HEADER = YES;
				GCC_PREFIX_HEADER = "GetM3u/GetM3u-Prefix.pch";
				INFOPLIST_FILE = "GetM3u/GetM3u-Info.plist";
				PRODUCT_NAME = "$(TARGET_NAME)";
				WRAPPER_EXTENSION = app;
			};
			name = Debug;
		};
		C035B80119B7234E006177B9 /* Release */ = {
			isa = XCBuildConfiguration;
			baseConfigurationReference = 5A0ADFC32FAC403F957C5CF7 /* Pods.xcconfig */;
			buildSettings = {
				ASSETCATALOG_COMPILER_APPICON_NAME = AppIcon;
				ASSETCATALOG_COMPILER_LAUNCHIMAGE_NAME = LaunchImage;
				GCC_PRECOMPILE_PREFIX_HEADER = YES;
				GCC_PREFIX_HEADER = "GetM3u/GetM3u-Prefix.pch";
				INFOPLIST_FILE = "GetM3u/GetM3u-Info.plist";
				PRODUCT_NAME = "$(TARGET_NAME)";
				WRAPPER_EXTENSION = app;
			};
			name = Release;
		};
		C035B80319B7234E006177B9 /* Debug */ = {
			isa = XCBuildConfiguration;
			buildSettings = {
				BUNDLE_LOADER = "$(BUILT_PRODUCTS_DIR)/GetM3u.app/GetM3u";
				FRAMEWORK_SEARCH_PATHS = (
					"$(SDKROOT)/Developer/Library/Frameworks",
					"$(inherited)",
					"$(DEVELOPER_FRAMEWORKS_DIR)",
				);
				GCC_PRECOMPILE_PREFIX_HEADER = YES;
				GCC_PREFIX_HEADER = "GetM3u/GetM3u-Prefix.pch";
				GCC_PREPROCESSOR_DEFINITIONS = (
					"DEBUG=1",
					"$(inherited)",
				);
				INFOPLIST_FILE = "GetM3uTests/GetM3uTests-Info.plist";
				PRODUCT_NAME = "$(TARGET_NAME)";
				TEST_HOST = "$(BUNDLE_LOADER)";
				WRAPPER_EXTENSION = xctest;
			};
			name = Debug;
		};
		C035B80419B7234E006177B9 /* Release */ = {
			isa = XCBuildConfiguration;
			buildSettings = {
				BUNDLE_LOADER = "$(BUILT_PRODUCTS_DIR)/GetM3u.app/GetM3u";
				FRAMEWORK_SEARCH_PATHS = (
					"$(SDKROOT)/Developer/Library/Frameworks",
					"$(inherited)",
					"$(DEVELOPER_FRAMEWORKS_DIR)",
				);
				GCC_PRECOMPILE_PREFIX_HEADER = YES;
				GCC_PREFIX_HEADER = "GetM3u/GetM3u-Prefix.pch";
				INFOPLIST_FILE = "GetM3uTests/GetM3uTests-Info.plist";
				PRODUCT_NAME = "$(TARGET_NAME)";
				TEST_HOST = "$(BUNDLE_LOADER)";
				WRAPPER_EXTENSION = xctest;
			};
			name = Release;
		};
/* End XCBuildConfiguration section */

/* Begin XCConfigurationList section */
		C035B7C819B7234E006177B9 /* Build configuration list for PBXProject "GetM3u" */ = {
			isa = XCConfigurationList;
			buildConfigurations = (
				C035B7FD19B7234E006177B9 /* Debug */,
				C035B7FE19B7234E006177B9 /* Release */,
			);
			defaultConfigurationIsVisible = 0;
			defaultConfigurationName = Release;
		};
		C035B7FF19B7234E006177B9 /* Build configuration list for PBXNativeTarget "GetM3u" */ = {
			isa = XCConfigurationList;
			buildConfigurations = (
				C035B80019B7234E006177B9 /* Debug */,
				C035B80119B7234E006177B9 /* Release */,
			);
			defaultConfigurationIsVisible = 0;
			defaultConfigurationName = Release;
		};
		C035B80219B7234E006177B9 /* Build configuration list for PBXNativeTarget "GetM3uTests" */ = {
			isa = XCConfigurationList;
			buildConfigurations = (
				C035B80319B7234E006177B9 /* Debug */,
				C035B80419B7234E006177B9 /* Release */,
			);
			defaultConfigurationIsVisible = 0;
			defaultConfigurationName = Release;
		};
/* End XCConfigurationList section */
	};
	rootObject = C035B7C519B7234E006177B9 /* Project object */;
}
